
Microsoft Visual Studio Solution File, Format Version 12.00
# Visual Studio Version 16
VisualStudioVersion = 16.0.31424.327
MinimumVisualStudioVersion = 10.0.40219.1
Project("{FAE04EC0-301F-11D3-BF4B-00C04F79EFBC}") = "Cyberpunk2077-hack-helper", "Cyberpunk2077-hack-helper\Cyberpunk2077-hack-helper.csproj", "{D260CBD3-64DE-47EB-9676-D08CA3EE2538}"
EndProject
Project("{FAE04EC0-301F-11D3-BF4B-00C04F79EFBC}") = "Cyberpunk2077_hack_helper.Grabbing", "Cyberpunk2077_hack_helper.Grabbing\Cyberpunk2077_hack_helper.Grabbing.csproj", "{35FAFB4B-64D3-40DA-8151-B5B775B95AC7}"
EndProject
Project("{FAE04EC0-301F-11D3-BF4B-00C04F79EFBC}") = "Cyberpunk2077_hack_helper.Common", "Cyberpunk2077_hack_helper.Common\Cyberpunk2077_hack_helper.Common.csproj", "{517AF8D1-7573-4C24-9E83-63D401FD7475}"
EndProject
Project("{FAE04EC0-301F-11D3-BF4B-00C04F79EFBC}") = "Cyberpunk2077-hack-helper.LayoutMaker", "Cyberpunk2077-hack-helper.LayoutMaker\Cyberpunk2077-hack-helper.LayoutMaker.csproj", "{2FEBD133-7480-44E4-82CF-AD696FCC039F}"
EndProject
Project("{FAE04EC0-301F-11D3-BF4B-00C04F79EFBC}") = "Cyberpunk2077-hack-helper.LayoutMarker", "Cyberpunk2077-hack-helper.LayoutMarker\Cyberpunk2077-hack-helper.LayoutMarker.csproj", "{9BA760CB-49EC-4E81-8BC3-6BFEC2F04841}"
EndProject
Global
	GlobalSection(SolutionConfigurationPlatforms) = preSolution
		Debug|Any CPU = Debug|Any CPU
		Release|Any CPU = Release|Any CPU
	EndGlobalSection
	GlobalSection(ProjectConfigurationPlatforms) = postSolution
		{D260CBD3-64DE-47EB-9676-D08CA3EE2538}.Debug|Any CPU.ActiveCfg = Debug|Any CPU
		{D260CBD3-64DE-47EB-9676-D08CA3EE2538}.Debug|Any CPU.Build.0 = Debug|Any CPU
		{D260CBD3-64DE-47EB-9676-D08CA3EE2538}.Release|Any CPU.ActiveCfg = Release|Any CPU
		{D260CBD3-64DE-47EB-9676-D08CA3EE2538}.Release|Any CPU.Build.0 = Release|Any CPU
		{35FAFB4B-64D3-40DA-8151-B5B775B95AC7}.Debug|Any CPU.ActiveCfg = Debug|Any CPU
		{35FAFB4B-64D3-40DA-8151-B5B775B95AC7}.Debug|Any CPU.Build.0 = Debug|Any CPU
		{35FAFB4B-64D3-40DA-8151-B5B775B95AC7}.Release|Any CPU.ActiveCfg = Release|Any CPU
		{35FAFB4B-64D3-40DA-8151-B5B775B95AC7}.Release|Any CPU.Build.0 = Release|Any CPU
		{517AF8D1-7573-4C24-9E83-63D401FD7475}.Debug|Any CPU.ActiveCfg = Debug|Any CPU
		{517AF8D1-7573-4C24-9E83-63D401FD7475}.Debug|Any CPU.Build.0 = Debug|Any CPU
		{517AF8D1-7573-4C24-9E83-63D401FD7475}.Release|Any CPU.ActiveCfg = Release|Any CPU
		{517AF8D1-7573-4C24-9E83-63D401FD7475}.Release|Any CPU.Build.0 = Release|Any CPU
		{2FEBD133-7480-44E4-82CF-AD696FCC039F}.Debug|Any CPU.ActiveCfg = Debug|Any CPU
		{2FEBD133-7480-44E4-82CF-AD696FCC039F}.Debug|Any CPU.Build.0 = Debug|Any CPU
		{2FEBD133-7480-44E4-82CF-AD696FCC039F}.Release|Any CPU.ActiveCfg = Release|Any CPU
		{2FEBD133-7480-44E4-82CF-AD696FCC039F}.Release|Any CPU.Build.0 = Release|Any CPU
		{9BA760CB-49EC-4E81-8BC3-6BFEC2F04841}.Debug|Any CPU.ActiveCfg = Debug|Any CPU
		{9BA760CB-49EC-4E81-8BC3-6BFEC2F04841}.Debug|Any CPU.Build.0 = Debug|Any CPU
		{9BA760CB-49EC-4E81-8BC3-6BFEC2F04841}.Release|Any CPU.ActiveCfg = Release|Any CPU
		{9BA760CB-49EC-4E81-8BC3-6BFEC2F04841}.Release|Any CPU.Build.0 = Release|Any CPU
	EndGlobalSection
	GlobalSection(SolutionProperties) = preSolution
		HideSolutionNode = FALSE
	EndGlobalSection
	GlobalSection(ExtensibilityGlobals) = postSolution
		SolutionGuid = {8339CF8F-4A38-42D0-A866-C33421F622A5}
	EndGlobalSection
EndGlobal
