
Microsoft Visual Studio Solution File, Format Version 12.00
# Visual Studio Version 16
VisualStudioVersion = 16.0.31424.327
MinimumVisualStudioVersion = 10.0.40219.1
Project("{FAE04EC0-301F-11D3-BF4B-00C04F79EFBC}") = "Cyberpunk2077HackHelper", "Cyberpunk2077HackHelper\Cyberpunk2077HackHelper.csproj", "{D260CBD3-64DE-47EB-9676-D08CA3EE2538}"
EndProject
Project("{FAE04EC0-301F-11D3-BF4B-00C04F79EFBC}") = "Cyberpunk2077HackHelper.Grabbing", "Cyberpunk2077HackHelper.Grabbing\Cyberpunk2077HackHelper.Grabbing.csproj", "{35FAFB4B-64D3-40DA-8151-B5B775B95AC7}"
EndProject
Project("{FAE04EC0-301F-11D3-BF4B-00C04F79EFBC}") = "Cyberpunk2077HackHelper.Common", "Cyberpunk2077HackHelper.Common\Cyberpunk2077HackHelper.Common.csproj", "{517AF8D1-7573-4C24-9E83-63D401FD7475}"
EndProject
Project("{FAE04EC0-301F-11D3-BF4B-00C04F79EFBC}") = "Cyberpunk2077HackHelper.LayoutMarker", "Cyberpunk2077HackHelper.LayoutMarker\Cyberpunk2077HackHelper.LayoutMarker.csproj", "{9BA760CB-49EC-4E81-8BC3-6BFEC2F04841}"
EndProject
Project("{FAE04EC0-301F-11D3-BF4B-00C04F79EFBC}") = "Cyberpunk2077HackHelper.Grabbing.Test", "Cyberpunk2077HackHelper.Grabbing.Test\Cyberpunk2077HackHelper.Grabbing.Test.csproj", "{7BF86D65-6AE3-4E7D-A70F-7E850DB0A2A5}"
EndProject
Project("{2150E333-8FDC-42A3-9474-1A3956D46DE8}") = "Solution Items", "Solution Items", "{6DF17D6B-130A-4D57-998E-89F7FB080DD4}"
	ProjectSection(SolutionItems) = preProject
		.editorconfig = .editorconfig
	EndProjectSection
EndProject
Project("{FAE04EC0-301F-11D3-BF4B-00C04F79EFBC}") = "Cyberpunk2077HackHelper.Solving", "Cyberpunk2077HackHelper.Solving\Cyberpunk2077HackHelper.Solving.csproj", "{6541DCE0-1443-48F3-AB68-ECF62D71F7B5}"
EndProject
Project("{FAE04EC0-301F-11D3-BF4B-00C04F79EFBC}") = "Cyberpunk2077HackHelper.Solving.Tests", "Cyberpunk2077HackHelper.Solving.Tests\Cyberpunk2077HackHelper.Solving.Tests.csproj", "{FB0F9719-848D-444D-BC57-67A222615020}"
EndProject
Project("{FAE04EC0-301F-11D3-BF4B-00C04F79EFBC}") = "Cyberpunk2077HackHelper.Overlay", "Cyberpunk2077HackHelper.Overlay\Cyberpunk2077HackHelper.Overlay.csproj", "{A7198825-EBB4-4E04-9023-321A3C2AA770}"
EndProject
Global
	GlobalSection(SolutionConfigurationPlatforms) = preSolution
		Debug|Any CPU = Debug|Any CPU
		Debug|x64 = Debug|x64
		Release|Any CPU = Release|Any CPU
		Release|x64 = Release|x64
	EndGlobalSection
	GlobalSection(ProjectConfigurationPlatforms) = postSolution
		{D260CBD3-64DE-47EB-9676-D08CA3EE2538}.Debug|Any CPU.ActiveCfg = Debug|Any CPU
		{D260CBD3-64DE-47EB-9676-D08CA3EE2538}.Debug|Any CPU.Build.0 = Debug|Any CPU
		{D260CBD3-64DE-47EB-9676-D08CA3EE2538}.Debug|x64.ActiveCfg = Debug|x64
		{D260CBD3-64DE-47EB-9676-D08CA3EE2538}.Debug|x64.Build.0 = Debug|x64
		{D260CBD3-64DE-47EB-9676-D08CA3EE2538}.Release|Any CPU.ActiveCfg = Release|Any CPU
		{D260CBD3-64DE-47EB-9676-D08CA3EE2538}.Release|Any CPU.Build.0 = Release|Any CPU
		{D260CBD3-64DE-47EB-9676-D08CA3EE2538}.Release|x64.ActiveCfg = Release|x64
		{D260CBD3-64DE-47EB-9676-D08CA3EE2538}.Release|x64.Build.0 = Release|x64
		{35FAFB4B-64D3-40DA-8151-B5B775B95AC7}.Debug|Any CPU.ActiveCfg = Debug|Any CPU
		{35FAFB4B-64D3-40DA-8151-B5B775B95AC7}.Debug|Any CPU.Build.0 = Debug|Any CPU
		{35FAFB4B-64D3-40DA-8151-B5B775B95AC7}.Debug|x64.ActiveCfg = Debug|x64
		{35FAFB4B-64D3-40DA-8151-B5B775B95AC7}.Debug|x64.Build.0 = Debug|x64
		{35FAFB4B-64D3-40DA-8151-B5B775B95AC7}.Release|Any CPU.ActiveCfg = Release|Any CPU
		{35FAFB4B-64D3-40DA-8151-B5B775B95AC7}.Release|Any CPU.Build.0 = Release|Any CPU
		{35FAFB4B-64D3-40DA-8151-B5B775B95AC7}.Release|x64.ActiveCfg = Release|x64
		{35FAFB4B-64D3-40DA-8151-B5B775B95AC7}.Release|x64.Build.0 = Release|x64
		{517AF8D1-7573-4C24-9E83-63D401FD7475}.Debug|Any CPU.ActiveCfg = Debug|Any CPU
		{517AF8D1-7573-4C24-9E83-63D401FD7475}.Debug|Any CPU.Build.0 = Debug|Any CPU
		{517AF8D1-7573-4C24-9E83-63D401FD7475}.Debug|x64.ActiveCfg = Debug|x64
		{517AF8D1-7573-4C24-9E83-63D401FD7475}.Debug|x64.Build.0 = Debug|x64
		{517AF8D1-7573-4C24-9E83-63D401FD7475}.Release|Any CPU.ActiveCfg = Release|Any CPU
		{517AF8D1-7573-4C24-9E83-63D401FD7475}.Release|Any CPU.Build.0 = Release|Any CPU
		{517AF8D1-7573-4C24-9E83-63D401FD7475}.Release|x64.ActiveCfg = Release|x64
		{517AF8D1-7573-4C24-9E83-63D401FD7475}.Release|x64.Build.0 = Release|x64
		{9BA760CB-49EC-4E81-8BC3-6BFEC2F04841}.Debug|Any CPU.ActiveCfg = Debug|Any CPU
		{9BA760CB-49EC-4E81-8BC3-6BFEC2F04841}.Debug|Any CPU.Build.0 = Debug|Any CPU
		{9BA760CB-49EC-4E81-8BC3-6BFEC2F04841}.Debug|x64.ActiveCfg = Debug|x64
		{9BA760CB-49EC-4E81-8BC3-6BFEC2F04841}.Debug|x64.Build.0 = Debug|x64
		{9BA760CB-49EC-4E81-8BC3-6BFEC2F04841}.Release|Any CPU.ActiveCfg = Release|Any CPU
		{9BA760CB-49EC-4E81-8BC3-6BFEC2F04841}.Release|Any CPU.Build.0 = Release|Any CPU
		{9BA760CB-49EC-4E81-8BC3-6BFEC2F04841}.Release|x64.ActiveCfg = Release|x64
		{9BA760CB-49EC-4E81-8BC3-6BFEC2F04841}.Release|x64.Build.0 = Release|x64
		{7BF86D65-6AE3-4E7D-A70F-7E850DB0A2A5}.Debug|Any CPU.ActiveCfg = Debug|Any CPU
		{7BF86D65-6AE3-4E7D-A70F-7E850DB0A2A5}.Debug|Any CPU.Build.0 = Debug|Any CPU
		{7BF86D65-6AE3-4E7D-A70F-7E850DB0A2A5}.Debug|x64.ActiveCfg = Debug|Any CPU
		{7BF86D65-6AE3-4E7D-A70F-7E850DB0A2A5}.Debug|x64.Build.0 = Debug|Any CPU
		{7BF86D65-6AE3-4E7D-A70F-7E850DB0A2A5}.Release|Any CPU.ActiveCfg = Release|Any CPU
		{7BF86D65-6AE3-4E7D-A70F-7E850DB0A2A5}.Release|Any CPU.Build.0 = Release|Any CPU
		{7BF86D65-6AE3-4E7D-A70F-7E850DB0A2A5}.Release|x64.ActiveCfg = Release|Any CPU
		{7BF86D65-6AE3-4E7D-A70F-7E850DB0A2A5}.Release|x64.Build.0 = Release|Any CPU
		{6541DCE0-1443-48F3-AB68-ECF62D71F7B5}.Debug|Any CPU.ActiveCfg = Debug|Any CPU
		{6541DCE0-1443-48F3-AB68-ECF62D71F7B5}.Debug|Any CPU.Build.0 = Debug|Any CPU
		{6541DCE0-1443-48F3-AB68-ECF62D71F7B5}.Debug|x64.ActiveCfg = Debug|Any CPU
		{6541DCE0-1443-48F3-AB68-ECF62D71F7B5}.Debug|x64.Build.0 = Debug|Any CPU
		{6541DCE0-1443-48F3-AB68-ECF62D71F7B5}.Release|Any CPU.ActiveCfg = Release|Any CPU
		{6541DCE0-1443-48F3-AB68-ECF62D71F7B5}.Release|Any CPU.Build.0 = Release|Any CPU
		{6541DCE0-1443-48F3-AB68-ECF62D71F7B5}.Release|x64.ActiveCfg = Release|Any CPU
		{6541DCE0-1443-48F3-AB68-ECF62D71F7B5}.Release|x64.Build.0 = Release|Any CPU
		{FB0F9719-848D-444D-BC57-67A222615020}.Debug|Any CPU.ActiveCfg = Debug|Any CPU
		{FB0F9719-848D-444D-BC57-67A222615020}.Debug|Any CPU.Build.0 = Debug|Any CPU
		{FB0F9719-848D-444D-BC57-67A222615020}.Debug|x64.ActiveCfg = Debug|Any CPU
		{FB0F9719-848D-444D-BC57-67A222615020}.Debug|x64.Build.0 = Debug|Any CPU
		{FB0F9719-848D-444D-BC57-67A222615020}.Release|Any CPU.ActiveCfg = Release|Any CPU
		{FB0F9719-848D-444D-BC57-67A222615020}.Release|Any CPU.Build.0 = Release|Any CPU
		{FB0F9719-848D-444D-BC57-67A222615020}.Release|x64.ActiveCfg = Release|Any CPU
		{FB0F9719-848D-444D-BC57-67A222615020}.Release|x64.Build.0 = Release|Any CPU
		{A7198825-EBB4-4E04-9023-321A3C2AA770}.Debug|Any CPU.ActiveCfg = Debug|Any CPU
		{A7198825-EBB4-4E04-9023-321A3C2AA770}.Debug|Any CPU.Build.0 = Debug|Any CPU
		{A7198825-EBB4-4E04-9023-321A3C2AA770}.Debug|x64.ActiveCfg = Debug|Any CPU
		{A7198825-EBB4-4E04-9023-321A3C2AA770}.Debug|x64.Build.0 = Debug|Any CPU
		{A7198825-EBB4-4E04-9023-321A3C2AA770}.Release|Any CPU.ActiveCfg = Release|Any CPU
		{A7198825-EBB4-4E04-9023-321A3C2AA770}.Release|Any CPU.Build.0 = Release|Any CPU
		{A7198825-EBB4-4E04-9023-321A3C2AA770}.Release|x64.ActiveCfg = Release|Any CPU
		{A7198825-EBB4-4E04-9023-321A3C2AA770}.Release|x64.Build.0 = Release|Any CPU
	EndGlobalSection
	GlobalSection(SolutionProperties) = preSolution
		HideSolutionNode = FALSE
	EndGlobalSection
	GlobalSection(ExtensibilityGlobals) = postSolution
		SolutionGuid = {8339CF8F-4A38-42D0-A866-C33421F622A5}
	EndGlobalSection
EndGlobal
